
Microsoft Visual Studio Solution File, Format Version 12.00
# Visual Studio Version 16
VisualStudioVersion = 16.0.30413.136
MinimumVisualStudioVersion = 10.0.40219.1
Project("{FAE04EC0-301F-11D3-BF4B-00C04F79EFBC}") = "ProductEnum", "ProductEnum\ProductEnum.csproj", "{D44C7F16-3531-442F-ACC9-75275CAE684D}"
EndProject
Global
	GlobalSection(SolutionConfigurationPlatforms) = preSolution
		Debug|Any CPU = Debug|Any CPU
		Release|Any CPU = Release|Any CPU
	EndGlobalSection
	GlobalSection(ProjectConfigurationPlatforms) = postSolution
		{D44C7F16-3531-442F-ACC9-75275CAE684D}.Debug|Any CPU.ActiveCfg = Debug|Any CPU
		{D44C7F16-3531-442F-ACC9-75275CAE684D}.Debug|Any CPU.Build.0 = Debug|Any CPU
		{D44C7F16-3531-442F-ACC9-75275CAE684D}.Release|Any CPU.ActiveCfg = Release|Any CPU
		{D44C7F16-3531-442F-ACC9-75275CAE684D}.Release|Any CPU.Build.0 = Release|Any CPU
	EndGlobalSection
	GlobalSection(SolutionProperties) = preSolution
		HideSolutionNode = FALSE
	EndGlobalSection
	GlobalSection(ExtensibilityGlobals) = postSolution
		SolutionGuid = {5E3DACDC-A315-43A2-B76E-39AC55F33269}
	EndGlobalSection
EndGlobal
